
Microsoft Visual Studio Solution File, Format Version 12.00
# Visual Studio Version 16
VisualStudioVersion = 16.0.34114.132
MinimumVisualStudioVersion = 10.0.40219.1
Project("{8BC9CEB8-8B4A-11D0-8D11-00A0C91BC942}") = "simple-ms-paint", "simple-ms-paint\simple-ms-paint.vcxproj", "{AA97905C-20F5-4557-8104-FFC4A8AB8CBD}"
EndProject
Global
	GlobalSection(SolutionConfigurationPlatforms) = preSolution
		Debug|x64 = Debug|x64
		Debug|x86 = Debug|x86
		Release|x64 = Release|x64
		Release|x86 = Release|x86
	EndGlobalSection
	GlobalSection(ProjectConfigurationPlatforms) = postSolution
		{AA97905C-20F5-4557-8104-FFC4A8AB8CBD}.Debug|x64.ActiveCfg = Debug|x64
		{AA97905C-20F5-4557-8104-FFC4A8AB8CBD}.Debug|x64.Build.0 = Debug|x64
		{AA97905C-20F5-4557-8104-FFC4A8AB8CBD}.Debug|x86.ActiveCfg = Debug|Win32
		{AA97905C-20F5-4557-8104-FFC4A8AB8CBD}.Debug|x86.Build.0 = Debug|Win32
		{AA97905C-20F5-4557-8104-FFC4A8AB8CBD}.Release|x64.ActiveCfg = Release|x64
		{AA97905C-20F5-4557-8104-FFC4A8AB8CBD}.Release|x64.Build.0 = Release|x64
		{AA97905C-20F5-4557-8104-FFC4A8AB8CBD}.Release|x86.ActiveCfg = Release|Win32
		{AA97905C-20F5-4557-8104-FFC4A8AB8CBD}.Release|x86.Build.0 = Release|Win32
	EndGlobalSection
	GlobalSection(SolutionProperties) = preSolution
		HideSolutionNode = FALSE
	EndGlobalSection
	GlobalSection(ExtensibilityGlobals) = postSolution
		SolutionGuid = {3C00DA4B-462C-4535-926C-410E1B223EC3}
	EndGlobalSection
EndGlobal
